{
  "originHash" : "14d4f3461e6af1d5c3c1eadb438e387984957afa921c6d6033f920c87356c50e",
  "pins" : [
    {
      "identity" : "nodeinfo",
      "kind" : "remoteSourceControl",
      "location" : "https://github.com/mattmassicotte/NodeInfo",
      "state" : {
        "branch" : "main",
        "revision" : "0fc6310678ec2c733ae8e1d867b2b78ad973f3f0"
      }
    },
    {
      "identity" : "swift-http-types",
      "kind" : "remoteSourceControl",
      "location" : "https://github.com/apple/swift-http-types.git",
      "state" : {
        "revision" : "a0a57e949a8903563aba4615869310c0ebf14c03",
        "version" : "1.4.0"
      }
    },
    {
      "identity" : "webfinger",
      "kind" : "remoteSourceControl",
      "location" : "https://github.com/mattmassicotte/WebFinger",
      "state" : {
        "branch" : "main",
        "revision" : "adb10c5a03633f58afff75b3f0fff378c3c44f44"
      }
    }
  ],
  "version" : 3
}
